
Microsoft Visual Studio Solution File, Format Version 12.00
# Visual Studio Version 17
VisualStudioVersion = 17.9.34701.34
MinimumVisualStudioVersion = 10.0.40219.1
Project("{FAE04EC0-301F-11D3-BF4B-00C04F79EFBC}") = "ExtractingStringPartsTask", "ExtractingStringPartsTask\ExtractingStringPartsTask.csproj", "{55711481-C437-4264-A7EC-8FCCA52801F9}"
EndProject
Global
	GlobalSection(SolutionConfigurationPlatforms) = preSolution
		Debug|Any CPU = Debug|Any CPU
		Release|Any CPU = Release|Any CPU
	EndGlobalSection
	GlobalSection(ProjectConfigurationPlatforms) = postSolution
		{55711481-C437-4264-A7EC-8FCCA52801F9}.Debug|Any CPU.ActiveCfg = Debug|Any CPU
		{55711481-C437-4264-A7EC-8FCCA52801F9}.Debug|Any CPU.Build.0 = Debug|Any CPU
		{55711481-C437-4264-A7EC-8FCCA52801F9}.Release|Any CPU.ActiveCfg = Release|Any CPU
		{55711481-C437-4264-A7EC-8FCCA52801F9}.Release|Any CPU.Build.0 = Release|Any CPU
	EndGlobalSection
	GlobalSection(SolutionProperties) = preSolution
		HideSolutionNode = FALSE
	EndGlobalSection
	GlobalSection(ExtensibilityGlobals) = postSolution
		SolutionGuid = {CB47B4C1-0883-4F58-A747-258EACBCAD70}
	EndGlobalSection
EndGlobal
